
Microsoft Visual Studio Solution File, Format Version 12.00
# Visual Studio Version 17
VisualStudioVersion = 17.14.36109.1 d17.14
MinimumVisualStudioVersion = 10.0.40219.1
Project("{FAE04EC0-301F-11D3-BF4B-00C04F79EFBC}") = "BioLab", "BioLab.csproj", "{C938FED7-FD7E-3975-B779-21895D9A0AB0}"
EndProject
Global
	GlobalSection(SolutionConfigurationPlatforms) = preSolution
		Debug|Any CPU = Debug|Any CPU
		Release|Any CPU = Release|Any CPU
	EndGlobalSection
	GlobalSection(ProjectConfigurationPlatforms) = postSolution
		{C938FED7-FD7E-3975-B779-21895D9A0AB0}.Debug|Any CPU.ActiveCfg = Debug|Any CPU
		{C938FED7-FD7E-3975-B779-21895D9A0AB0}.Debug|Any CPU.Build.0 = Debug|Any CPU
		{C938FED7-FD7E-3975-B779-21895D9A0AB0}.Release|Any CPU.ActiveCfg = Release|Any CPU
		{C938FED7-FD7E-3975-B779-21895D9A0AB0}.Release|Any CPU.Build.0 = Release|Any CPU
	EndGlobalSection
	GlobalSection(SolutionProperties) = preSolution
		HideSolutionNode = FALSE
	EndGlobalSection
	GlobalSection(ExtensibilityGlobals) = postSolution
		SolutionGuid = {5A28A472-2CDE-4CF9-AFCF-AEE31BF8F1D8}
	EndGlobalSection
EndGlobal
